
Microsoft Visual Studio Solution File, Format Version 12.00
# Visual Studio Version 17
VisualStudioVersion = 17.4.33110.190
MinimumVisualStudioVersion = 10.0.40219.1
Project("{FAE04EC0-301F-11D3-BF4B-00C04F79EFBC}") = "MoreFormControls", "MoreFormControls.csproj", "{0651C61B-91C3-48D1-8B9A-94D0D86E1977}"
EndProject
Global
	GlobalSection(SolutionConfigurationPlatforms) = preSolution
		Debug|Any CPU = Debug|Any CPU
		Release|Any CPU = Release|Any CPU
	EndGlobalSection
	GlobalSection(ProjectConfigurationPlatforms) = postSolution
		{0651C61B-91C3-48D1-8B9A-94D0D86E1977}.Debug|Any CPU.ActiveCfg = Debug|Any CPU
		{0651C61B-91C3-48D1-8B9A-94D0D86E1977}.Debug|Any CPU.Build.0 = Debug|Any CPU
		{0651C61B-91C3-48D1-8B9A-94D0D86E1977}.Release|Any CPU.ActiveCfg = Release|Any CPU
		{0651C61B-91C3-48D1-8B9A-94D0D86E1977}.Release|Any CPU.Build.0 = Release|Any CPU
	EndGlobalSection
	GlobalSection(SolutionProperties) = preSolution
		HideSolutionNode = FALSE
	EndGlobalSection
	GlobalSection(ExtensibilityGlobals) = postSolution
		SolutionGuid = {B1E5B9D8-E198-4F39-958D-6B3C3BE691DD}
	EndGlobalSection
EndGlobal
